
Microsoft Visual Studio Solution File, Format Version 12.00
# Visual Studio Version 17
VisualStudioVersion = 17.6.33815.320
MinimumVisualStudioVersion = 10.0.40219.1
Project("{FAE04EC0-301F-11D3-BF4B-00C04F79EFBC}") = "ASP.NetCoreAPI", "ASP.NetCoreAPI\ASP.NetCoreAPI.csproj", "{557AB512-5BB3-47EF-B9DF-9CA6B57697F1}"
EndProject
Project("{FAE04EC0-301F-11D3-BF4B-00C04F79EFBC}") = "WpfApp", "WpfApp\WpfApp.csproj", "{12398439-1371-49EC-9DA7-E234EBEF94DC}"
EndProject
Global
	GlobalSection(SolutionConfigurationPlatforms) = preSolution
		Debug|Any CPU = Debug|Any CPU
		Release|Any CPU = Release|Any CPU
	EndGlobalSection
	GlobalSection(ProjectConfigurationPlatforms) = postSolution
		{557AB512-5BB3-47EF-B9DF-9CA6B57697F1}.Debug|Any CPU.ActiveCfg = Debug|Any CPU
		{557AB512-5BB3-47EF-B9DF-9CA6B57697F1}.Debug|Any CPU.Build.0 = Debug|Any CPU
		{557AB512-5BB3-47EF-B9DF-9CA6B57697F1}.Release|Any CPU.ActiveCfg = Release|Any CPU
		{557AB512-5BB3-47EF-B9DF-9CA6B57697F1}.Release|Any CPU.Build.0 = Release|Any CPU
		{12398439-1371-49EC-9DA7-E234EBEF94DC}.Debug|Any CPU.ActiveCfg = Debug|Any CPU
		{12398439-1371-49EC-9DA7-E234EBEF94DC}.Debug|Any CPU.Build.0 = Debug|Any CPU
		{12398439-1371-49EC-9DA7-E234EBEF94DC}.Release|Any CPU.ActiveCfg = Release|Any CPU
		{12398439-1371-49EC-9DA7-E234EBEF94DC}.Release|Any CPU.Build.0 = Release|Any CPU
	EndGlobalSection
	GlobalSection(SolutionProperties) = preSolution
		HideSolutionNode = FALSE
	EndGlobalSection
	GlobalSection(ExtensibilityGlobals) = postSolution
		SolutionGuid = {3FBE066E-2D4E-4504-A801-617F112F23B9}
	EndGlobalSection
EndGlobal
